github.com/MajorNick/orderedSet v0.0.0-20221202125620-3b9da642936b h1:WwOWArRKWPcma1O0WNH04RPyW2CeILfQm7obMaPK7Eo=
github.com/MajorNick/orderedSet v0.0.0-20221202125620-3b9da642936b/go.mod h1:7o5O+Sujy6Bldl0K3LhCQcYXY0Cy6M7Z2F9aWXOFc7U=
github.com/MajorNick/orderedSet v0.0.0-20221205171157-e7947a3ca6df h1:RdHSzyBblQR0rjQG2y4pHDzr31obI2hlr0ziQ8yy1aY=
github.com/MajorNick/orderedSet v0.0.0-20221205171157-e7947a3ca6df/go.mod h1:7o5O+Sujy6Bldl0K3LhCQcYXY0Cy6M7Z2F9aWXOFc7U=
